
Microsoft Visual Studio Solution File, Format Version 12.00
# Visual Studio Version 17
VisualStudioVersion = 17.4.33110.190
MinimumVisualStudioVersion = 10.0.40219.1
Project("{FAE04EC0-301F-11D3-BF4B-00C04F79EFBC}") = "EvidencePojistenych", "EvidencePojistenych\EvidencePojistenych.csproj", "{CC465F21-14F5-4ADB-AB4D-31A54995D431}"
EndProject
Global
	GlobalSection(SolutionConfigurationPlatforms) = preSolution
		Debug|Any CPU = Debug|Any CPU
		Release|Any CPU = Release|Any CPU
	EndGlobalSection
	GlobalSection(ProjectConfigurationPlatforms) = postSolution
		{CC465F21-14F5-4ADB-AB4D-31A54995D431}.Debug|Any CPU.ActiveCfg = Debug|Any CPU
		{CC465F21-14F5-4ADB-AB4D-31A54995D431}.Debug|Any CPU.Build.0 = Debug|Any CPU
		{CC465F21-14F5-4ADB-AB4D-31A54995D431}.Release|Any CPU.ActiveCfg = Release|Any CPU
		{CC465F21-14F5-4ADB-AB4D-31A54995D431}.Release|Any CPU.Build.0 = Release|Any CPU
	EndGlobalSection
	GlobalSection(SolutionProperties) = preSolution
		HideSolutionNode = FALSE
	EndGlobalSection
	GlobalSection(ExtensibilityGlobals) = postSolution
		SolutionGuid = {5D073954-75E5-41F7-AD4E-2C68EC7D2E54}
	EndGlobalSection
EndGlobal
